// !$*UTF8*$!
{
	archiveVersion = 1;
	classes = {
	};
	objectVersion = 46;
	objects = {

/* Begin PBXBuildFile section */
		213BDEE418030174007EB820 /* UIKit.framework in Frameworks */ = {isa = PBXBuildFile; fileRef = 213BDEE318030174007EB820 /* UIKit.framework */; };
		213BDEE618030174007EB820 /* Foundation.framework in Frameworks */ = {isa = PBXBuildFile; fileRef = 213BDEE518030174007EB820 /* Foundation.framework */; };
		213BDEE818030174007EB820 /* CoreGraphics.framework in Frameworks */ = {isa = PBXBuildFile; fileRef = 213BDEE718030174007EB820 /* CoreGraphics.framework */; };
		213BDEEE18030175007EB820 /* InfoPlist.strings in Resources */ = {isa = PBXBuildFile; fileRef = 213BDEEC18030175007EB820 /* InfoPlist.strings */; };
		213BDEF018030175007EB820 /* main.m in Sources */ = {isa = PBXBuildFile; fileRef = 213BDEEF18030175007EB820 /* main.m */; };
		213BDEF418030175007EB820 /* TemperatureConverterAppDelegate.m in Sources */ = {isa = PBXBuildFile; fileRef = 213BDEF318030175007EB820 /* TemperatureConverterAppDelegate.m */; };
		213BDEF618030175007EB820 /* Default.png in Resources */ = {isa = PBXBuildFile; fileRef = 213BDEF518030175007EB820 /* Default.png */; };
		213BDEF818030175007EB820 /* Default@2x.png in Resources */ = {isa = PBXBuildFile; fileRef = 213BDEF718030175007EB820 /* Default@2x.png */; };
		213BDEFA18030175007EB820 /* Default-568h@2x.png in Resources */ = {isa = PBXBuildFile; fileRef = 213BDEF918030175007EB820 /* Default-568h@2x.png */; };
		213BDEFD18030175007EB820 /* MainStoryboard.storyboard in Resources */ = {isa = PBXBuildFile; fileRef = 213BDEFB18030175007EB820 /* MainStoryboard.storyboard */; };
		213BDF0018030175007EB820 /* TemperatureConverterViewController.m in Sources */ = {isa = PBXBuildFile; fileRef = 213BDEFF18030175007EB820 /* TemperatureConverterViewController.m */; };
/* End PBXBuildFile section */

/* Begin PBXFileReference section */
		213BDEE018030174007EB820 /* TemperatureConverter.app */ = {isa = PBXFileReference; explicitFileType = wrapper.application; includeInIndex = 0; path = TemperatureConverter.app; sourceTree = BUILT_PRODUCTS_DIR; };
		213BDEE318030174007EB820 /* UIKit.framework */ = {isa = PBXFileReference; lastKnownFileType = wrapper.framework; name = UIKit.framework; path = System/Library/Frameworks/UIKit.framework; sourceTree = SDKROOT; };
		213BDEE518030174007EB820 /* Foundation.framework */ = {isa = PBXFileReference; lastKnownFileType = wrapper.framework; name = Foundation.framework; path = System/Library/Frameworks/Foundation.framework; sourceTree = SDKROOT; };
		213BDEE718030174007EB820 /* CoreGraphics.framework */ = {isa = PBXFileReference; lastKnownFileType = wrapper.framework; name = CoreGraphics.framework; path = System/Library/Frameworks/CoreGraphics.framework; sourceTree = SDKROOT; };
		213BDEEB18030175007EB820 /* TemperatureConverter-Info.plist */ = {isa = PBXFileReference; lastKnownFileType = text.plist.xml; path = "TemperatureConverter-Info.plist"; sourceTree = "<group>"; };
		213BDEED18030175007EB820 /* en */ = {isa = PBXFileReference; lastKnownFileType = text.plist.strings; name = en; path = en.lproj/InfoPlist.strings; sourceTree = "<group>"; };
		213BDEEF18030175007EB820 /* main.m */ = {isa = PBXFileReference; lastKnownFileType = sourcecode.c.objc; path = main.m; sourceTree = "<group>"; };
		213BDEF118030175007EB820 /* TemperatureConverter-Prefix.pch */ = {isa = PBXFileReference; lastKnownFileType = sourcecode.c.h; path = "TemperatureConverter-Prefix.pch"; sourceTree = "<group>"; };
		213BDEF218030175007EB820 /* TemperatureConverterAppDelegate.h */ = {isa = PBXFileReference; lastKnownFileType = sourcecode.c.h; path = TemperatureConverterAppDelegate.h; sourceTree = "<group>"; };
		213BDEF318030175007EB820 /* TemperatureConverterAppDelegate.m */ = {isa = PBXFileReference; lastKnownFileType = sourcecode.c.objc; path = TemperatureConverterAppDelegate.m; sourceTree = "<group>"; };
		213BDEF518030175007EB820 /* Default.png */ = {isa = PBXFileReference; lastKnownFileType = image.png; path = Default.png; sourceTree = "<group>"; };
		213BDEF718030175007EB820 /* Default@2x.png */ = {isa = PBXFileReference; lastKnownFileType = image.png; path = "Default@2x.png"; sourceTree = "<group>"; };
		213BDEF918030175007EB820 /* Default-568h@2x.png */ = {isa = PBXFileReference; lastKnownFileType = image.png; path = "Default-568h@2x.png"; sourceTree = "<group>"; };
		213BDEFC18030175007EB820 /* en */ = {isa = PBXFileReference; lastKnownFileType = file.storyboard; name = en; path = en.lproj/MainStoryboard.storyboard; sourceTree = "<group>"; };
		213BDEFE18030175007EB820 /* TemperatureConverterViewController.h */ = {isa = PBXFileReference; lastKnownFileType = sourcecode.c.h; path = TemperatureConverterViewController.h; sourceTree = "<group>"; };
		213BDEFF18030175007EB820 /* TemperatureConverterViewController.m */ = {isa = PBXFileReference; lastKnownFileType = sourcecode.c.objc; path = TemperatureConverterViewController.m; sourceTree = "<group>"; };
/* End PBXFileReference section */

/* Begin PBXFrameworksBuildPhase section */
		213BDEDD18030174007EB820 /* Frameworks */ = {
			isa = PBXFrameworksBuildPhase;
			buildActionMask = 2147483647;
			files = (
				213BDEE418030174007EB820 /* UIKit.framework in Frameworks */,
				213BDEE618030174007EB820 /* Foundation.framework in Frameworks */,
				213BDEE818030174007EB820 /* CoreGraphics.framework in Frameworks */,
			);
			runOnlyForDeploymentPostprocessing = 0;
		};
/* End PBXFrameworksBuildPhase section */

/* Begin PBXGroup section */
		213BDED718030174007EB820 = {
			isa = PBXGroup;
			children = (
				213BDEE918030174007EB820 /* TemperatureConverter */,
				213BDEE218030174007EB820 /* Frameworks */,
				213BDEE118030174007EB820 /* Products */,
			);
			sourceTree = "<group>";
		};
		213BDEE118030174007EB820 /* Products */ = {
			isa = PBXGroup;
			children = (
				213BDEE018030174007EB820 /* TemperatureConverter.app */,
			);
			name = Products;
			sourceTree = "<group>";
		};
		213BDEE218030174007EB820 /* Frameworks */ = {
			isa = PBXGroup;
			children = (
				213BDEE318030174007EB820 /* UIKit.framework */,
				213BDEE518030174007EB820 /* Foundation.framework */,
				213BDEE718030174007EB820 /* CoreGraphics.framework */,
			);
			name = Frameworks;
			sourceTree = "<group>";
		};
		213BDEE918030174007EB820 /* TemperatureConverter */ = {
			isa = PBXGroup;
			children = (
				213BDEF218030175007EB820 /* TemperatureConverterAppDelegate.h */,
				213BDEF318030175007EB820 /* TemperatureConverterAppDelegate.m */,
				213BDEFB18030175007EB820 /* MainStoryboard.storyboard */,
				213BDEFE18030175007EB820 /* TemperatureConverterViewController.h */,
				213BDEFF18030175007EB820 /* TemperatureConverterViewController.m */,
				213BDEEA18030175007EB820 /* Supporting Files */,
			);
			path = TemperatureConverter;
			sourceTree = "<group>";
		};
		213BDEEA18030175007EB820 /* Supporting Files */ = {
			isa = PBXGroup;
			children = (
				213BDEEB18030175007EB820 /* TemperatureConverter-Info.plist */,
				213BDEEC18030175007EB820 /* InfoPlist.strings */,
				213BDEEF18030175007EB820 /* main.m */,
				213BDEF118030175007EB820 /* TemperatureConverter-Prefix.pch */,
				213BDEF518030175007EB820 /* Default.png */,
				213BDEF718030175007EB820 /* Default@2x.png */,
				213BDEF918030175007EB820 /* Default-568h@2x.png */,
			);
			name = "Supporting Files";
			sourceTree = "<group>";
		};
/* End PBXGroup section */

/* Begin PBXNativeTarget section */
		213BDEDF18030174007EB820 /* TemperatureConverter */ = {
			isa = PBXNativeTarget;
			buildConfigurationList = 213BDF0318030175007EB820 /* Build configuration list for PBXNativeTarget "TemperatureConverter" */;
			buildPhases = (
				213BDEDC18030174007EB820 /* Sources */,
				213BDEDD18030174007EB820 /* Frameworks */,
				213BDEDE18030174007EB820 /* Resources */,
			);
			buildRules = (
			);
			dependencies = (
			);
			name = TemperatureConverter;
			productName = TemperatureConverter;
			productReference = 213BDEE018030174007EB820 /* TemperatureConverter.app */;
			productType = "com.apple.product-type.application";
		};
/* End PBXNativeTarget section */

/* Begin PBXProject section */
		213BDED818030174007EB820 /* Project object */ = {
			isa = PBXProject;
			attributes = {
				CLASSPREFIX = TemperatureConverter;
				LastUpgradeCheck = 0460;
				ORGANIZATIONNAME = Lake;
			};
			buildConfigurationList = 213BDEDB18030174007EB820 /* Build configuration list for PBXProject "TemperatureConverter" */;
			compatibilityVersion = "Xcode 3.2";
			developmentRegion = English;
			hasScannedForEncodings = 0;
			knownRegions = (
				en,
			);
			mainGroup = 213BDED718030174007EB820;
			productRefGroup = 213BDEE118030174007EB820 /* Products */;
			projectDirPath = "";
			projectRoot = "";
			targets = (
				213BDEDF18030174007EB820 /* TemperatureConverter */,
			);
		};
/* End PBXProject section */

/* Begin PBXResourcesBuildPhase section */
		213BDEDE18030174007EB820 /* Resources */ = {
			isa = PBXResourcesBuildPhase;
			buildActionMask = 2147483647;
			files = (
				213BDEEE18030175007EB820 /* InfoPlist.strings in Resources */,
				213BDEF618030175007EB820 /* Default.png in Resources */,
				213BDEF818030175007EB820 /* Default@2x.png in Resources */,
				213BDEFA18030175007EB820 /* Default-568h@2x.png in Resources */,
				213BDEFD18030175007EB820 /* MainStoryboard.storyboard in Resources */,
			);
			runOnlyForDeploymentPostprocessing = 0;
		};
/* End PBXResourcesBuildPhase section */

/* Begin PBXSourcesBuildPhase section */
		213BDEDC18030174007EB820 /* Sources */ = {
			isa = PBXSourcesBuildPhase;
			buildActionMask = 2147483647;
			files = (
				213BDEF018030175007EB820 /* main.m in Sources */,
				213BDEF418030175007EB820 /* TemperatureConverterAppDelegate.m in Sources */,
				213BDF0018030175007EB820 /* TemperatureConverterViewController.m in Sources */,
			);
			runOnlyForDeploymentPostprocessing = 0;
		};
/* End PBXSourcesBuildPhase section */

/* Begin PBXVariantGroup section */
		213BDEEC18030175007EB820 /* InfoPlist.strings */ = {
			isa = PBXVariantGroup;
			children = (
				213BDEED18030175007EB820 /* en */,
			);
			name = InfoPlist.strings;
			sourceTree = "<group>";
		};
		213BDEFB18030175007EB820 /* MainStoryboard.storyboard */ = {
			isa = PBXVariantGroup;
			children = (
				213BDEFC18030175007EB820 /* en */,
			);
			name = MainStoryboard.storyboard;
			sourceTree = "<group>";
		};
/* End PBXVariantGroup section */

/* Begin XCBuildConfiguration section */
		213BDF0118030175007EB820 /* Debug */ = {
			isa = XCBuildConfiguration;
			buildSettings = {
				ALWAYS_SEARCH_USER_PATHS = NO;
				CLANG_CXX_LANGUAGE_STANDARD = "gnu++0x";
				CLANG_CXX_LIBRARY = "libc++";
				CLANG_ENABLE_OBJC_ARC = YES;
				CLANG_WARN_CONSTANT_CONVERSION = YES;
				CLANG_WARN_EMPTY_BODY = YES;
				CLANG_WARN_ENUM_CONVERSION = YES;
				CLANG_WARN_INT_CONVERSION = YES;
				CLANG_WARN__DUPLICATE_METHOD_MATCH = YES;
				"CODE_SIGN_IDENTITY[sdk=iphoneos*]" = "iPhone Developer";
				COPY_PHASE_STRIP = NO;
				GCC_C_LANGUAGE_STANDARD = gnu99;
				GCC_DYNAMIC_NO_PIC = NO;
				GCC_OPTIMIZATION_LEVEL = 0;
				GCC_PREPROCESSOR_DEFINITIONS = (
					"DEBUG=1",
					"$(inherited)",
				);
				GCC_SYMBOLS_PRIVATE_EXTERN = NO;
				GCC_WARN_ABOUT_RETURN_TYPE = YES;
				GCC_WARN_UNINITIALIZED_AUTOS = YES;
				GCC_WARN_UNUSED_VARIABLE = YES;
				IPHONEOS_DEPLOYMENT_TARGET = 6.1;
				ONLY_ACTIVE_ARCH = YES;
				SDKROOT = iphoneos;
			};
			name = Debug;
		};
		213BDF0218030175007EB820 /* Release */ = {
			isa = XCBuildConfiguration;
			buildSettings = {
				ALWAYS_SEARCH_USER_PATHS = NO;
				CLANG_CXX_LANGUAGE_STANDARD = "gnu++0x";
				CLANG_CXX_LIBRARY = "libc++";
				CLANG_ENABLE_OBJC_ARC = YES;
				CLANG_WARN_CONSTANT_CONVERSION = YES;
				CLANG_WARN_EMPTY_BODY = YES;
				CLANG_WARN_ENUM_CONVERSION = YES;
				CLANG_WARN_INT_CONVERSION = YES;
				CLANG_WARN__DUPLICATE_METHOD_MATCH = YES;
				"CODE_SIGN_IDENTITY[sdk=iphoneos*]" = "iPhone Developer";
				COPY_PHASE_STRIP = YES;
				GCC_C_LANGUAGE_STANDARD = gnu99;
				GCC_WARN_ABOUT_RETURN_TYPE = YES;
				GCC_WARN_UNINITIALIZED_AUTOS = YES;
				GCC_WARN_UNUSED_VARIABLE = YES;
				IPHONEOS_DEPLOYMENT_TARGET = 6.1;
				OTHER_CFLAGS = "-DNS_BLOCK_ASSERTIONS=1";
				SDKROOT = iphoneos;
				VALIDATE_PRODUCT = YES;
			};
			name = Release;
		};
		213BDF0418030175007EB820 /* Debug */ = {
			isa = XCBuildConfiguration;
			buildSettings = {
				GCC_PRECOMPILE_PREFIX_HEADER = YES;
				GCC_PREFIX_HEADER = "TemperatureConverter/TemperatureConverter-Prefix.pch";
				INFOPLIST_FILE = "TemperatureConverter/TemperatureConverter-Info.plist";
				PRODUCT_NAME = "$(TARGET_NAME)";
				WRAPPER_EXTENSION = app;
			};
			name = Debug;
		};
		213BDF0518030175007EB820 /* Release */ = {
			isa = XCBuildConfiguration;
			buildSettings = {
				GCC_PRECOMPILE_PREFIX_HEADER = YES;
				GCC_PREFIX_HEADER = "TemperatureConverter/TemperatureConverter-Prefix.pch";
				INFOPLIST_FILE = "TemperatureConverter/TemperatureConverter-Info.plist";
				PRODUCT_NAME = "$(TARGET_NAME)";
				WRAPPER_EXTENSION = app;
			};
			name = Release;
		};
/* End XCBuildConfiguration section */

/* Begin XCConfigurationList section */
		213BDEDB18030174007EB820 /* Build configuration list for PBXProject "TemperatureConverter" */ = {
			isa = XCConfigurationList;
			buildConfigurations = (
				213BDF0118030175007EB820 /* Debug */,
				213BDF0218030175007EB820 /* Release */,
			);
			defaultConfigurationIsVisible = 0;
			defaultConfigurationName = Release;
		};
		213BDF0318030175007EB820 /* Build configuration list for PBXNativeTarget "TemperatureConverter" */ = {
			isa = XCConfigurationList;
			buildConfigurations = (
				213BDF0418030175007EB820 /* Debug */,
				213BDF0518030175007EB820 /* Release */,
			);
			defaultConfigurationIsVisible = 0;
		};
/* End XCConfigurationList section */
	};
	rootObject = 213BDED818030174007EB820 /* Project object */;
}
